
Microsoft Visual Studio Solution File, Format Version 12.00
# Visual Studio Version 16
VisualStudioVersion = 16.0.32510.428
MinimumVisualStudioVersion = 10.0.40219.1
Project("{9A19103F-16F7-4668-BE54-9A1E7A4F7556}") = "feria", "feria.csproj", "{C2B90A2E-297D-453F-A384-30BA0957934C}"
EndProject
Global
	GlobalSection(SolutionConfigurationPlatforms) = preSolution
		Debug|Any CPU = Debug|Any CPU
		Release|Any CPU = Release|Any CPU
	EndGlobalSection
	GlobalSection(ProjectConfigurationPlatforms) = postSolution
		{C2B90A2E-297D-453F-A384-30BA0957934C}.Debug|Any CPU.ActiveCfg = Debug|Any CPU
		{C2B90A2E-297D-453F-A384-30BA0957934C}.Debug|Any CPU.Build.0 = Debug|Any CPU
		{C2B90A2E-297D-453F-A384-30BA0957934C}.Release|Any CPU.ActiveCfg = Release|Any CPU
		{C2B90A2E-297D-453F-A384-30BA0957934C}.Release|Any CPU.Build.0 = Release|Any CPU
	EndGlobalSection
	GlobalSection(SolutionProperties) = preSolution
		HideSolutionNode = FALSE
	EndGlobalSection
	GlobalSection(ExtensibilityGlobals) = postSolution
		SolutionGuid = {C3BBF406-F7FE-4C61-94B1-808C05E83EF6}
	EndGlobalSection
EndGlobal
